
Microsoft Visual Studio Solution File, Format Version 12.00
# Visual Studio Version 16
VisualStudioVersion = 16.0.31321.278
MinimumVisualStudioVersion = 10.0.40219.1
Project("{FAE04EC0-301F-11D3-BF4B-00C04F79EFBC}") = "ISIT420-HW7-500Cube-WinForm", "ISIT420-HW7-500Cube-WinForm\ISIT420-HW7-500Cube-WinForm.csproj", "{F9B5FEE3-6CFE-464F-A122-2B5518B76902}"
EndProject
Global
	GlobalSection(SolutionConfigurationPlatforms) = preSolution
		Debug|Any CPU = Debug|Any CPU
		Release|Any CPU = Release|Any CPU
	EndGlobalSection
	GlobalSection(ProjectConfigurationPlatforms) = postSolution
		{F9B5FEE3-6CFE-464F-A122-2B5518B76902}.Debug|Any CPU.ActiveCfg = Debug|Any CPU
		{F9B5FEE3-6CFE-464F-A122-2B5518B76902}.Debug|Any CPU.Build.0 = Debug|Any CPU
		{F9B5FEE3-6CFE-464F-A122-2B5518B76902}.Release|Any CPU.ActiveCfg = Release|Any CPU
		{F9B5FEE3-6CFE-464F-A122-2B5518B76902}.Release|Any CPU.Build.0 = Release|Any CPU
	EndGlobalSection
	GlobalSection(SolutionProperties) = preSolution
		HideSolutionNode = FALSE
	EndGlobalSection
	GlobalSection(ExtensibilityGlobals) = postSolution
		SolutionGuid = {D06E1C26-2023-4EE2-BFE2-3123274B0B82}
	EndGlobalSection
EndGlobal
