
Microsoft Visual Studio Solution File, Format Version 12.00
# Visual Studio Version 16
VisualStudioVersion = 16.0.31321.278
MinimumVisualStudioVersion = 10.0.40219.1
Project("{D2ABAB84-BF74-430A-B69E-9DC6D40DDA17}") = "ISIT420-HW7-500Cube", "ISIT420-HW7-500Cube\ISIT420-HW7-500Cube.dwproj", "{C788D75B-53AB-4A10-8C72-517D976FB9E6}"
EndProject
Global
	GlobalSection(SolutionConfigurationPlatforms) = preSolution
		Development|Default = Development|Default
	EndGlobalSection
	GlobalSection(ProjectConfigurationPlatforms) = postSolution
		{C788D75B-53AB-4A10-8C72-517D976FB9E6}.Development|Default.ActiveCfg = Development
		{C788D75B-53AB-4A10-8C72-517D976FB9E6}.Development|Default.Build.0 = Development
		{C788D75B-53AB-4A10-8C72-517D976FB9E6}.Development|Default.Deploy.0 = Development
	EndGlobalSection
	GlobalSection(SolutionProperties) = preSolution
		HideSolutionNode = FALSE
	EndGlobalSection
	GlobalSection(ExtensibilityGlobals) = postSolution
		SolutionGuid = {728E5B3E-7163-4CF1-AFA7-39726836C1B9}
	EndGlobalSection
EndGlobal
